// !$*UTF8*$!
{
	archiveVersion = 1;
	classes = {
	};
	objectVersion = 56;
	objects = {

/* Begin PBXBuildFile section */
		BD3BDAEB2A7403A400E1E87D /* This_or_ThatApp.swift in Sources */ = {isa = PBXBuildFile; fileRef = BD3BDAEA2A7403A400E1E87D /* This_or_ThatApp.swift */; };
		BD3BDAED2A7403A400E1E87D /* ContentView.swift in Sources */ = {isa = PBXBuildFile; fileRef = BD3BDAEC2A7403A400E1E87D /* ContentView.swift */; };
		BD3BDAEF2A7403A500E1E87D /* Assets.xcassets in Resources */ = {isa = PBXBuildFile; fileRef = BD3BDAEE2A7403A500E1E87D /* Assets.xcassets */; };
		BD3BDAF22A7403A500E1E87D /* Preview Assets.xcassets in Resources */ = {isa = PBXBuildFile; fileRef = BD3BDAF12A7403A500E1E87D /* Preview Assets.xcassets */; };
		BD3BDAFC2A7403A500E1E87D /* This_or_ThatTests.swift in Sources */ = {isa = PBXBuildFile; fileRef = BD3BDAFB2A7403A500E1E87D /* This_or_ThatTests.swift */; };
		BD3BDB062A7403A500E1E87D /* This_or_ThatUITests.swift in Sources */ = {isa = PBXBuildFile; fileRef = BD3BDB052A7403A500E1E87D /* This_or_ThatUITests.swift */; };
		BD3BDB082A7403A500E1E87D /* This_or_ThatUITestsLaunchTests.swift in Sources */ = {isa = PBXBuildFile; fileRef = BD3BDB072A7403A500E1E87D /* This_or_ThatUITestsLaunchTests.swift */; };
/* End PBXBuildFile section */

/* Begin PBXContainerItemProxy section */
		BD3BDAF82A7403A500E1E87D /* PBXContainerItemProxy */ = {
			isa = PBXContainerItemProxy;
			containerPortal = BD3BDADF2A7403A400E1E87D /* Project object */;
			proxyType = 1;
			remoteGlobalIDString = BD3BDAE62A7403A400E1E87D;
			remoteInfo = "This or That";
		};
		BD3BDB022A7403A500E1E87D /* PBXContainerItemProxy */ = {
			isa = PBXContainerItemProxy;
			containerPortal = BD3BDADF2A7403A400E1E87D /* Project object */;
			proxyType = 1;
			remoteGlobalIDString = BD3BDAE62A7403A400E1E87D;
			remoteInfo = "This or That";
		};
/* End PBXContainerItemProxy section */

/* Begin PBXFileReference section */
		BD3BDAE72A7403A400E1E87D /* This or That.app */ = {isa = PBXFileReference; explicitFileType = wrapper.application; includeInIndex = 0; path = "This or That.app"; sourceTree = BUILT_PRODUCTS_DIR; };
		BD3BDAEA2A7403A400E1E87D /* This_or_ThatApp.swift */ = {isa = PBXFileReference; lastKnownFileType = sourcecode.swift; path = This_or_ThatApp.swift; sourceTree = "<group>"; };
		BD3BDAEC2A7403A400E1E87D /* ContentView.swift */ = {isa = PBXFileReference; lastKnownFileType = sourcecode.swift; path = ContentView.swift; sourceTree = "<group>"; };
		BD3BDAEE2A7403A500E1E87D /* Assets.xcassets */ = {isa = PBXFileReference; lastKnownFileType = folder.assetcatalog; path = Assets.xcassets; sourceTree = "<group>"; };
		BD3BDAF12A7403A500E1E87D /* Preview Assets.xcassets */ = {isa = PBXFileReference; lastKnownFileType = folder.assetcatalog; path = "Preview Assets.xcassets"; sourceTree = "<group>"; };
		BD3BDAF72A7403A500E1E87D /* This or ThatTests.xctest */ = {isa = PBXFileReference; explicitFileType = wrapper.cfbundle; includeInIndex = 0; path = "This or ThatTests.xctest"; sourceTree = BUILT_PRODUCTS_DIR; };
		BD3BDAFB2A7403A500E1E87D /* This_or_ThatTests.swift */ = {isa = PBXFileReference; lastKnownFileType = sourcecode.swift; path = This_or_ThatTests.swift; sourceTree = "<group>"; };
		BD3BDB012A7403A500E1E87D /* This or ThatUITests.xctest */ = {isa = PBXFileReference; explicitFileType = wrapper.cfbundle; includeInIndex = 0; path = "This or ThatUITests.xctest"; sourceTree = BUILT_PRODUCTS_DIR; };
		BD3BDB052A7403A500E1E87D /* This_or_ThatUITests.swift */ = {isa = PBXFileReference; lastKnownFileType = sourcecode.swift; path = This_or_ThatUITests.swift; sourceTree = "<group>"; };
		BD3BDB072A7403A500E1E87D /* This_or_ThatUITestsLaunchTests.swift */ = {isa = PBXFileReference; lastKnownFileType = sourcecode.swift; path = This_or_ThatUITestsLaunchTests.swift; sourceTree = "<group>"; };
/* End PBXFileReference section */

/* Begin PBXFrameworksBuildPhase section */
		BD3BDAE42A7403A400E1E87D /* Frameworks */ = {
			isa = PBXFrameworksBuildPhase;
			buildActionMask = 2147483647;
			files = (
			);
			runOnlyForDeploymentPostprocessing = 0;
		};
		BD3BDAF42A7403A500E1E87D /* Frameworks */ = {
			isa = PBXFrameworksBuildPhase;
			buildActionMask = 2147483647;
			files = (
			);
			runOnlyForDeploymentPostprocessing = 0;
		};
		BD3BDAFE2A7403A500E1E87D /* Frameworks */ = {
			isa = PBXFrameworksBuildPhase;
			buildActionMask = 2147483647;
			files = (
			);
			runOnlyForDeploymentPostprocessing = 0;
		};
/* End PBXFrameworksBuildPhase section */

/* Begin PBXGroup section */
		BD3BDADE2A7403A400E1E87D = {
			isa = PBXGroup;
			children = (
				BD3BDAE92A7403A400E1E87D /* This or That */,
				BD3BDAFA2A7403A500E1E87D /* This or ThatTests */,
				BD3BDB042A7403A500E1E87D /* This or ThatUITests */,
				BD3BDAE82A7403A400E1E87D /* Products */,
			);
			sourceTree = "<group>";
		};
		BD3BDAE82A7403A400E1E87D /* Products */ = {
			isa = PBXGroup;
			children = (
				BD3BDAE72A7403A400E1E87D /* This or That.app */,
				BD3BDAF72A7403A500E1E87D /* This or ThatTests.xctest */,
				BD3BDB012A7403A500E1E87D /* This or ThatUITests.xctest */,
			);
			name = Products;
			sourceTree = "<group>";
		};
		BD3BDAE92A7403A400E1E87D /* This or That */ = {
			isa = PBXGroup;
			children = (
				BD3BDAEA2A7403A400E1E87D /* This_or_ThatApp.swift */,
				BD3BDAEC2A7403A400E1E87D /* ContentView.swift */,
				BD3BDAEE2A7403A500E1E87D /* Assets.xcassets */,
				BD3BDAF02A7403A500E1E87D /* Preview Content */,
			);
			path = "This or That";
			sourceTree = "<group>";
		};
		BD3BDAF02A7403A500E1E87D /* Preview Content */ = {
			isa = PBXGroup;
			children = (
				BD3BDAF12A7403A500E1E87D /* Preview Assets.xcassets */,
			);
			path = "Preview Content";
			sourceTree = "<group>";
		};
		BD3BDAFA2A7403A500E1E87D /* This or ThatTests */ = {
			isa = PBXGroup;
			children = (
				BD3BDAFB2A7403A500E1E87D /* This_or_ThatTests.swift */,
			);
			path = "This or ThatTests";
			sourceTree = "<group>";
		};
		BD3BDB042A7403A500E1E87D /* This or ThatUITests */ = {
			isa = PBXGroup;
			children = (
				BD3BDB052A7403A500E1E87D /* This_or_ThatUITests.swift */,
				BD3BDB072A7403A500E1E87D /* This_or_ThatUITestsLaunchTests.swift */,
			);
			path = "This or ThatUITests";
			sourceTree = "<group>";
		};
/* End PBXGroup section */

/* Begin PBXNativeTarget section */
		BD3BDAE62A7403A400E1E87D /* This or That */ = {
			isa = PBXNativeTarget;
			buildConfigurationList = BD3BDB0B2A7403A500E1E87D /* Build configuration list for PBXNativeTarget "This or That" */;
			buildPhases = (
				BD3BDAE32A7403A400E1E87D /* Sources */,
				BD3BDAE42A7403A400E1E87D /* Frameworks */,
				BD3BDAE52A7403A400E1E87D /* Resources */,
			);
			buildRules = (
			);
			dependencies = (
			);
			name = "This or That";
			productName = "This or That";
			productReference = BD3BDAE72A7403A400E1E87D /* This or That.app */;
			productType = "com.apple.product-type.application";
		};
		BD3BDAF62A7403A500E1E87D /* This or ThatTests */ = {
			isa = PBXNativeTarget;
			buildConfigurationList = BD3BDB0E2A7403A500E1E87D /* Build configuration list for PBXNativeTarget "This or ThatTests" */;
			buildPhases = (
				BD3BDAF32A7403A500E1E87D /* Sources */,
				BD3BDAF42A7403A500E1E87D /* Frameworks */,
				BD3BDAF52A7403A500E1E87D /* Resources */,
			);
			buildRules = (
			);
			dependencies = (
				BD3BDAF92A7403A500E1E87D /* PBXTargetDependency */,
			);
			name = "This or ThatTests";
			productName = "This or ThatTests";
			productReference = BD3BDAF72A7403A500E1E87D /* This or ThatTests.xctest */;
			productType = "com.apple.product-type.bundle.unit-test";
		};
		BD3BDB002A7403A500E1E87D /* This or ThatUITests */ = {
			isa = PBXNativeTarget;
			buildConfigurationList = BD3BDB112A7403A500E1E87D /* Build configuration list for PBXNativeTarget "This or ThatUITests" */;
			buildPhases = (
				BD3BDAFD2A7403A500E1E87D /* Sources */,
				BD3BDAFE2A7403A500E1E87D /* Frameworks */,
				BD3BDAFF2A7403A500E1E87D /* Resources */,
			);
			buildRules = (
			);
			dependencies = (
				BD3BDB032A7403A500E1E87D /* PBXTargetDependency */,
			);
			name = "This or ThatUITests";
			productName = "This or ThatUITests";
			productReference = BD3BDB012A7403A500E1E87D /* This or ThatUITests.xctest */;
			productType = "com.apple.product-type.bundle.ui-testing";
		};
/* End PBXNativeTarget section */

/* Begin PBXProject section */
		BD3BDADF2A7403A400E1E87D /* Project object */ = {
			isa = PBXProject;
			attributes = {
				BuildIndependentTargetsInParallel = 1;
				LastSwiftUpdateCheck = 1430;
				LastUpgradeCheck = 1430;
				TargetAttributes = {
					BD3BDAE62A7403A400E1E87D = {
						CreatedOnToolsVersion = 14.3.1;
					};
					BD3BDAF62A7403A500E1E87D = {
						CreatedOnToolsVersion = 14.3.1;
						TestTargetID = BD3BDAE62A7403A400E1E87D;
					};
					BD3BDB002A7403A500E1E87D = {
						CreatedOnToolsVersion = 14.3.1;
						TestTargetID = BD3BDAE62A7403A400E1E87D;
					};
				};
			};
			buildConfigurationList = BD3BDAE22A7403A400E1E87D /* Build configuration list for PBXProject "This or That" */;
			compatibilityVersion = "Xcode 14.0";
			developmentRegion = en;
			hasScannedForEncodings = 0;
			knownRegions = (
				en,
				Base,
			);
			mainGroup = BD3BDADE2A7403A400E1E87D;
			productRefGroup = BD3BDAE82A7403A400E1E87D /* Products */;
			projectDirPath = "";
			projectRoot = "";
			targets = (
				BD3BDAE62A7403A400E1E87D /* This or That */,
				BD3BDAF62A7403A500E1E87D /* This or ThatTests */,
				BD3BDB002A7403A500E1E87D /* This or ThatUITests */,
			);
		};
/* End PBXProject section */

/* Begin PBXResourcesBuildPhase section */
		BD3BDAE52A7403A400E1E87D /* Resources */ = {
			isa = PBXResourcesBuildPhase;
			buildActionMask = 2147483647;
			files = (
				BD3BDAF22A7403A500E1E87D /* Preview Assets.xcassets in Resources */,
				BD3BDAEF2A7403A500E1E87D /* Assets.xcassets in Resources */,
			);
			runOnlyForDeploymentPostprocessing = 0;
		};
		BD3BDAF52A7403A500E1E87D /* Resources */ = {
			isa = PBXResourcesBuildPhase;
			buildActionMask = 2147483647;
			files = (
			);
			runOnlyForDeploymentPostprocessing = 0;
		};
		BD3BDAFF2A7403A500E1E87D /* Resources */ = {
			isa = PBXResourcesBuildPhase;
			buildActionMask = 2147483647;
			files = (
			);
			runOnlyForDeploymentPostprocessing = 0;
		};
/* End PBXResourcesBuildPhase section */

/* Begin PBXSourcesBuildPhase section */
		BD3BDAE32A7403A400E1E87D /* Sources */ = {
			isa = PBXSourcesBuildPhase;
			buildActionMask = 2147483647;
			files = (
				BD3BDAED2A7403A400E1E87D /* ContentView.swift in Sources */,
				BD3BDAEB2A7403A400E1E87D /* This_or_ThatApp.swift in Sources */,
			);
			runOnlyForDeploymentPostprocessing = 0;
		};
		BD3BDAF32A7403A500E1E87D /* Sources */ = {
			isa = PBXSourcesBuildPhase;
			buildActionMask = 2147483647;
			files = (
				BD3BDAFC2A7403A500E1E87D /* This_or_ThatTests.swift in Sources */,
			);
			runOnlyForDeploymentPostprocessing = 0;
		};
		BD3BDAFD2A7403A500E1E87D /* Sources */ = {
			isa = PBXSourcesBuildPhase;
			buildActionMask = 2147483647;
			files = (
				BD3BDB082A7403A500E1E87D /* This_or_ThatUITestsLaunchTests.swift in Sources */,
				BD3BDB062A7403A500E1E87D /* This_or_ThatUITests.swift in Sources */,
			);
			runOnlyForDeploymentPostprocessing = 0;
		};
/* End PBXSourcesBuildPhase section */

/* Begin PBXTargetDependency section */
		BD3BDAF92A7403A500E1E87D /* PBXTargetDependency */ = {
			isa = PBXTargetDependency;
			target = BD3BDAE62A7403A400E1E87D /* This or That */;
			targetProxy = BD3BDAF82A7403A500E1E87D /* PBXContainerItemProxy */;
		};
		BD3BDB032A7403A500E1E87D /* PBXTargetDependency */ = {
			isa = PBXTargetDependency;
			target = BD3BDAE62A7403A400E1E87D /* This or That */;
			targetProxy = BD3BDB022A7403A500E1E87D /* PBXContainerItemProxy */;
		};
/* End PBXTargetDependency section */

/* Begin XCBuildConfiguration section */
		BD3BDB092A7403A500E1E87D /* Debug */ = {
			isa = XCBuildConfiguration;
			buildSettings = {
				ALWAYS_SEARCH_USER_PATHS = NO;
				CLANG_ANALYZER_NONNULL = YES;
				CLANG_ANALYZER_NUMBER_OBJECT_CONVERSION = YES_AGGRESSIVE;
				CLANG_CXX_LANGUAGE_STANDARD = "gnu++20";
				CLANG_ENABLE_MODULES = YES;
				CLANG_ENABLE_OBJC_ARC = YES;
				CLANG_ENABLE_OBJC_WEAK = YES;
				CLANG_WARN_BLOCK_CAPTURE_AUTORELEASING = YES;
				CLANG_WARN_BOOL_CONVERSION = YES;
				CLANG_WARN_COMMA = YES;
				CLANG_WARN_CONSTANT_CONVERSION = YES;
				CLANG_WARN_DEPRECATED_OBJC_IMPLEMENTATIONS = YES;
				CLANG_WARN_DIRECT_OBJC_ISA_USAGE = YES_ERROR;
				CLANG_WARN_DOCUMENTATION_COMMENTS = YES;
				CLANG_WARN_EMPTY_BODY = YES;
				CLANG_WARN_ENUM_CONVERSION = YES;
				CLANG_WARN_INFINITE_RECURSION = YES;
				CLANG_WARN_INT_CONVERSION = YES;
				CLANG_WARN_NON_LITERAL_NULL_CONVERSION = YES;
				CLANG_WARN_OBJC_IMPLICIT_RETAIN_SELF = YES;
				CLANG_WARN_OBJC_LITERAL_CONVERSION = YES;
				CLANG_WARN_OBJC_ROOT_CLASS = YES_ERROR;
				CLANG_WARN_QUOTED_INCLUDE_IN_FRAMEWORK_HEADER = YES;
				CLANG_WARN_RANGE_LOOP_ANALYSIS = YES;
				CLANG_WARN_STRICT_PROTOTYPES = YES;
				CLANG_WARN_SUSPICIOUS_MOVE = YES;
				CLANG_WARN_UNGUARDED_AVAILABILITY = YES_AGGRESSIVE;
				CLANG_WARN_UNREACHABLE_CODE = YES;
				CLANG_WARN__DUPLICATE_METHOD_MATCH = YES;
				COPY_PHASE_STRIP = NO;
				DEBUG_INFORMATION_FORMAT = dwarf;
				ENABLE_STRICT_OBJC_MSGSEND = YES;
				ENABLE_TESTABILITY = YES;
				GCC_C_LANGUAGE_STANDARD = gnu11;
				GCC_DYNAMIC_NO_PIC = NO;
				GCC_NO_COMMON_BLOCKS = YES;
				GCC_OPTIMIZATION_LEVEL = 0;
				GCC_PREPROCESSOR_DEFINITIONS = (
					"DEBUG=1",
					"$(inherited)",
				);
				GCC_WARN_64_TO_32_BIT_CONVERSION = YES;
				GCC_WARN_ABOUT_RETURN_TYPE = YES_ERROR;
				GCC_WARN_UNDECLARED_SELECTOR = YES;
				GCC_WARN_UNINITIALIZED_AUTOS = YES_AGGRESSIVE;
				GCC_WARN_UNUSED_FUNCTION = YES;
				GCC_WARN_UNUSED_VARIABLE = YES;
				IPHONEOS_DEPLOYMENT_TARGET = 16.4;
				MTL_ENABLE_DEBUG_INFO = INCLUDE_SOURCE;
				MTL_FAST_MATH = YES;
				ONLY_ACTIVE_ARCH = YES;
				SDKROOT = iphoneos;
				SWIFT_ACTIVE_COMPILATION_CONDITIONS = DEBUG;
				SWIFT_OPTIMIZATION_LEVEL = "-Onone";
			};
			name = Debug;
		};
		BD3BDB0A2A7403A500E1E87D /* Release */ = {
			isa = XCBuildConfiguration;
			buildSettings = {
				ALWAYS_SEARCH_USER_PATHS = NO;
				CLANG_ANALYZER_NONNULL = YES;
				CLANG_ANALYZER_NUMBER_OBJECT_CONVERSION = YES_AGGRESSIVE;
				CLANG_CXX_LANGUAGE_STANDARD = "gnu++20";
				CLANG_ENABLE_MODULES = YES;
				CLANG_ENABLE_OBJC_ARC = YES;
				CLANG_ENABLE_OBJC_WEAK = YES;
				CLANG_WARN_BLOCK_CAPTURE_AUTORELEASING = YES;
				CLANG_WARN_BOOL_CONVERSION = YES;
				CLANG_WARN_COMMA = YES;
				CLANG_WARN_CONSTANT_CONVERSION = YES;
				CLANG_WARN_DEPRECATED_OBJC_IMPLEMENTATIONS = YES;
				CLANG_WARN_DIRECT_OBJC_ISA_USAGE = YES_ERROR;
				CLANG_WARN_DOCUMENTATION_COMMENTS = YES;
				CLANG_WARN_EMPTY_BODY = YES;
				CLANG_WARN_ENUM_CONVERSION = YES;
				CLANG_WARN_INFINITE_RECURSION = YES;
				CLANG_WARN_INT_CONVERSION = YES;
				CLANG_WARN_NON_LITERAL_NULL_CONVERSION = YES;
				CLANG_WARN_OBJC_IMPLICIT_RETAIN_SELF = YES;
				CLANG_WARN_OBJC_LITERAL_CONVERSION = YES;
				CLANG_WARN_OBJC_ROOT_CLASS = YES_ERROR;
				CLANG_WARN_QUOTED_INCLUDE_IN_FRAMEWORK_HEADER = YES;
				CLANG_WARN_RANGE_LOOP_ANALYSIS = YES;
				CLANG_WARN_STRICT_PROTOTYPES = YES;
				CLANG_WARN_SUSPICIOUS_MOVE = YES;
				CLANG_WARN_UNGUARDED_AVAILABILITY = YES_AGGRESSIVE;
				CLANG_WARN_UNREACHABLE_CODE = YES;
				CLANG_WARN__DUPLICATE_METHOD_MATCH = YES;
				COPY_PHASE_STRIP = NO;
				DEBUG_INFORMATION_FORMAT = "dwarf-with-dsym";
				ENABLE_NS_ASSERTIONS = NO;
				ENABLE_STRICT_OBJC_MSGSEND = YES;
				GCC_C_LANGUAGE_STANDARD = gnu11;
				GCC_NO_COMMON_BLOCKS = YES;
				GCC_WARN_64_TO_32_BIT_CONVERSION = YES;
				GCC_WARN_ABOUT_RETURN_TYPE = YES_ERROR;
				GCC_WARN_UNDECLARED_SELECTOR = YES;
				GCC_WARN_UNINITIALIZED_AUTOS = YES_AGGRESSIVE;
				GCC_WARN_UNUSED_FUNCTION = YES;
				GCC_WARN_UNUSED_VARIABLE = YES;
				IPHONEOS_DEPLOYMENT_TARGET = 16.4;
				MTL_ENABLE_DEBUG_INFO = NO;
				MTL_FAST_MATH = YES;
				SDKROOT = iphoneos;
				SWIFT_COMPILATION_MODE = wholemodule;
				SWIFT_OPTIMIZATION_LEVEL = "-O";
				VALIDATE_PRODUCT = YES;
			};
			name = Release;
		};
		BD3BDB0C2A7403A500E1E87D /* Debug */ = {
			isa = XCBuildConfiguration;
			buildSettings = {
				ASSETCATALOG_COMPILER_APPICON_NAME = AppIcon;
				ASSETCATALOG_COMPILER_GLOBAL_ACCENT_COLOR_NAME = AccentColor;
				CODE_SIGN_STYLE = Automatic;
				CURRENT_PROJECT_VERSION = 1;
				DEVELOPMENT_ASSET_PATHS = "\"This or That/Preview Content\"";
				ENABLE_PREVIEWS = YES;
				GENERATE_INFOPLIST_FILE = YES;
				INFOPLIST_KEY_UIApplicationSceneManifest_Generation = YES;
				INFOPLIST_KEY_UIApplicationSupportsIndirectInputEvents = YES;
				INFOPLIST_KEY_UILaunchScreen_Generation = YES;
				INFOPLIST_KEY_UISupportedInterfaceOrientations_iPad = "UIInterfaceOrientationPortrait UIInterfaceOrientationPortraitUpsideDown UIInterfaceOrientationLandscapeLeft UIInterfaceOrientationLandscapeRight";
				INFOPLIST_KEY_UISupportedInterfaceOrientations_iPhone = "UIInterfaceOrientationPortrait UIInterfaceOrientationLandscapeLeft UIInterfaceOrientationLandscapeRight";
				LD_RUNPATH_SEARCH_PATHS = (
					"$(inherited)",
					"@executable_path/Frameworks",
				);
				MARKETING_VERSION = 1.0;
				PRODUCT_BUNDLE_IDENTIFIER = "KWK.This-or-That";
				PRODUCT_NAME = "$(TARGET_NAME)";
				SWIFT_EMIT_LOC_STRINGS = YES;
				SWIFT_VERSION = 5.0;
				TARGETED_DEVICE_FAMILY = "1,2";
			};
			name = Debug;
		};
		BD3BDB0D2A7403A500E1E87D /* Release */ = {
			isa = XCBuildConfiguration;
			buildSettings = {
				ASSETCATALOG_COMPILER_APPICON_NAME = AppIcon;
				ASSETCATALOG_COMPILER_GLOBAL_ACCENT_COLOR_NAME = AccentColor;
				CODE_SIGN_STYLE = Automatic;
				CURRENT_PROJECT_VERSION = 1;
				DEVELOPMENT_ASSET_PATHS = "\"This or That/Preview Content\"";
				ENABLE_PREVIEWS = YES;
				GENERATE_INFOPLIST_FILE = YES;
				INFOPLIST_KEY_UIApplicationSceneManifest_Generation = YES;
				INFOPLIST_KEY_UIApplicationSupportsIndirectInputEvents = YES;
				INFOPLIST_KEY_UILaunchScreen_Generation = YES;
				INFOPLIST_KEY_UISupportedInterfaceOrientations_iPad = "UIInterfaceOrientationPortrait UIInterfaceOrientationPortraitUpsideDown UIInterfaceOrientationLandscapeLeft UIInterfaceOrientationLandscapeRight";
				INFOPLIST_KEY_UISupportedInterfaceOrientations_iPhone = "UIInterfaceOrientationPortrait UIInterfaceOrientationLandscapeLeft UIInterfaceOrientationLandscapeRight";
				LD_RUNPATH_SEARCH_PATHS = (
					"$(inherited)",
					"@executable_path/Frameworks",
				);
				MARKETING_VERSION = 1.0;
				PRODUCT_BUNDLE_IDENTIFIER = "KWK.This-or-That";
				PRODUCT_NAME = "$(TARGET_NAME)";
				SWIFT_EMIT_LOC_STRINGS = YES;
				SWIFT_VERSION = 5.0;
				TARGETED_DEVICE_FAMILY = "1,2";
			};
			name = Release;
		};
		BD3BDB0F2A7403A500E1E87D /* Debug */ = {
			isa = XCBuildConfiguration;
			buildSettings = {
				ALWAYS_EMBED_SWIFT_STANDARD_LIBRARIES = YES;
				BUNDLE_LOADER = "$(TEST_HOST)";
				CODE_SIGN_STYLE = Automatic;
				CURRENT_PROJECT_VERSION = 1;
				GENERATE_INFOPLIST_FILE = YES;
				IPHONEOS_DEPLOYMENT_TARGET = 16.4;
				MARKETING_VERSION = 1.0;
				PRODUCT_BUNDLE_IDENTIFIER = "KWK.This-or-ThatTests";
				PRODUCT_NAME = "$(TARGET_NAME)";
				SWIFT_EMIT_LOC_STRINGS = NO;
				SWIFT_VERSION = 5.0;
				TARGETED_DEVICE_FAMILY = "1,2";
				TEST_HOST = "$(BUILT_PRODUCTS_DIR)/This or That.app/$(BUNDLE_EXECUTABLE_FOLDER_PATH)/This or That";
			};
			name = Debug;
		};
		BD3BDB102A7403A500E1E87D /* Release */ = {
			isa = XCBuildConfiguration;
			buildSettings = {
				ALWAYS_EMBED_SWIFT_STANDARD_LIBRARIES = YES;
				BUNDLE_LOADER = "$(TEST_HOST)";
				CODE_SIGN_STYLE = Automatic;
				CURRENT_PROJECT_VERSION = 1;
				GENERATE_INFOPLIST_FILE = YES;
				IPHONEOS_DEPLOYMENT_TARGET = 16.4;
				MARKETING_VERSION = 1.0;
				PRODUCT_BUNDLE_IDENTIFIER = "KWK.This-or-ThatTests";
				PRODUCT_NAME = "$(TARGET_NAME)";
				SWIFT_EMIT_LOC_STRINGS = NO;
				SWIFT_VERSION = 5.0;
				TARGETED_DEVICE_FAMILY = "1,2";
				TEST_HOST = "$(BUILT_PRODUCTS_DIR)/This or That.app/$(BUNDLE_EXECUTABLE_FOLDER_PATH)/This or That";
			};
			name = Release;
		};
		BD3BDB122A7403A500E1E87D /* Debug */ = {
			isa = XCBuildConfiguration;
			buildSettings = {
				ALWAYS_EMBED_SWIFT_STANDARD_LIBRARIES = YES;
				CODE_SIGN_STYLE = Automatic;
				CURRENT_PROJECT_VERSION = 1;
				GENERATE_INFOPLIST_FILE = YES;
				MARKETING_VERSION = 1.0;
				PRODUCT_BUNDLE_IDENTIFIER = "KWK.This-or-ThatUITests";
				PRODUCT_NAME = "$(TARGET_NAME)";
				SWIFT_EMIT_LOC_STRINGS = NO;
				SWIFT_VERSION = 5.0;
				TARGETED_DEVICE_FAMILY = "1,2";
				TEST_TARGET_NAME = "This or That";
			};
			name = Debug;
		};
		BD3BDB132A7403A500E1E87D /* Release */ = {
			isa = XCBuildConfiguration;
			buildSettings = {
				ALWAYS_EMBED_SWIFT_STANDARD_LIBRARIES = YES;
				CODE_SIGN_STYLE = Automatic;
				CURRENT_PROJECT_VERSION = 1;
				GENERATE_INFOPLIST_FILE = YES;
				MARKETING_VERSION = 1.0;
				PRODUCT_BUNDLE_IDENTIFIER = "KWK.This-or-ThatUITests";
				PRODUCT_NAME = "$(TARGET_NAME)";
				SWIFT_EMIT_LOC_STRINGS = NO;
				SWIFT_VERSION = 5.0;
				TARGETED_DEVICE_FAMILY = "1,2";
				TEST_TARGET_NAME = "This or That";
			};
			name = Release;
		};
/* End XCBuildConfiguration section */

/* Begin XCConfigurationList section */
		BD3BDAE22A7403A400E1E87D /* Build configuration list for PBXProject "This or That" */ = {
			isa = XCConfigurationList;
			buildConfigurations = (
				BD3BDB092A7403A500E1E87D /* Debug */,
				BD3BDB0A2A7403A500E1E87D /* Release */,
			);
			defaultConfigurationIsVisible = 0;
			defaultConfigurationName = Release;
		};
		BD3BDB0B2A7403A500E1E87D /* Build configuration list for PBXNativeTarget "This or That" */ = {
			isa = XCConfigurationList;
			buildConfigurations = (
				BD3BDB0C2A7403A500E1E87D /* Debug */,
				BD3BDB0D2A7403A500E1E87D /* Release */,
			);
			defaultConfigurationIsVisible = 0;
			defaultConfigurationName = Release;
		};
		BD3BDB0E2A7403A500E1E87D /* Build configuration list for PBXNativeTarget "This or ThatTests" */ = {
			isa = XCConfigurationList;
			buildConfigurations = (
				BD3BDB0F2A7403A500E1E87D /* Debug */,
				BD3BDB102A7403A500E1E87D /* Release */,
			);
			defaultConfigurationIsVisible = 0;
			defaultConfigurationName = Release;
		};
		BD3BDB112A7403A500E1E87D /* Build configuration list for PBXNativeTarget "This or ThatUITests" */ = {
			isa = XCConfigurationList;
			buildConfigurations = (
				BD3BDB122A7403A500E1E87D /* Debug */,
				BD3BDB132A7403A500E1E87D /* Release */,
			);
			defaultConfigurationIsVisible = 0;
			defaultConfigurationName = Release;
		};
/* End XCConfigurationList section */
	};
	rootObject = BD3BDADF2A7403A400E1E87D /* Project object */;
}
